
Microsoft Visual Studio Solution File, Format Version 12.00
# Visual Studio 15
VisualStudioVersion = 15.0.28307.902
MinimumVisualStudioVersion = 10.0.40219.1
Project("{FAE04EC0-301F-11D3-BF4B-00C04F79EFBC}") = "ConsoleApp1", "ConsoleApp1\ConsoleApp1.csproj", "{A6F65EFD-B480-4C00-85BE-C7EB5F363D46}"
EndProject
Project("{888888A0-9F3D-457C-B088-3A5042F75D52}") = "PythonClient", "PythonClient\PythonClient.pyproj", "{CD00E2A8-5198-46C9-8F40-BFD71191C3B2}"
EndProject
Global
	GlobalSection(SolutionConfigurationPlatforms) = preSolution
		Debug|Any CPU = Debug|Any CPU
		Release|Any CPU = Release|Any CPU
	EndGlobalSection
	GlobalSection(ProjectConfigurationPlatforms) = postSolution
		{A6F65EFD-B480-4C00-85BE-C7EB5F363D46}.Debug|Any CPU.ActiveCfg = Debug|Any CPU
		{A6F65EFD-B480-4C00-85BE-C7EB5F363D46}.Debug|Any CPU.Build.0 = Debug|Any CPU
		{A6F65EFD-B480-4C00-85BE-C7EB5F363D46}.Release|Any CPU.ActiveCfg = Release|Any CPU
		{A6F65EFD-B480-4C00-85BE-C7EB5F363D46}.Release|Any CPU.Build.0 = Release|Any CPU
		{CD00E2A8-5198-46C9-8F40-BFD71191C3B2}.Debug|Any CPU.ActiveCfg = Debug|Any CPU
		{CD00E2A8-5198-46C9-8F40-BFD71191C3B2}.Release|Any CPU.ActiveCfg = Release|Any CPU
	EndGlobalSection
	GlobalSection(SolutionProperties) = preSolution
		HideSolutionNode = FALSE
	EndGlobalSection
	GlobalSection(ExtensibilityGlobals) = postSolution
		SolutionGuid = {AB14FA20-BDD3-4504-A587-FC9FE2355163}
	EndGlobalSection
EndGlobal
